
Microsoft Visual Studio Solution File, Format Version 12.00
# Visual Studio Version 17
VisualStudioVersion = 17.14.36429.23 d17.14
MinimumVisualStudioVersion = 10.0.40219.1
Project("{FAE04EC0-301F-11D3-BF4B-00C04F79EFBC}") = "LSPISP", "LSPISP\LSPISP.csproj", "{0AD6F67E-AD27-4441-B54E-10B2C97269F4}"
EndProject
Global
	GlobalSection(SolutionConfigurationPlatforms) = preSolution
		Debug|Any CPU = Debug|Any CPU
		Release|Any CPU = Release|Any CPU
	EndGlobalSection
	GlobalSection(ProjectConfigurationPlatforms) = postSolution
		{0AD6F67E-AD27-4441-B54E-10B2C97269F4}.Debug|Any CPU.ActiveCfg = Debug|Any CPU
		{0AD6F67E-AD27-4441-B54E-10B2C97269F4}.Debug|Any CPU.Build.0 = Debug|Any CPU
		{0AD6F67E-AD27-4441-B54E-10B2C97269F4}.Release|Any CPU.ActiveCfg = Release|Any CPU
		{0AD6F67E-AD27-4441-B54E-10B2C97269F4}.Release|Any CPU.Build.0 = Release|Any CPU
	EndGlobalSection
	GlobalSection(SolutionProperties) = preSolution
		HideSolutionNode = FALSE
	EndGlobalSection
	GlobalSection(ExtensibilityGlobals) = postSolution
		SolutionGuid = {96E0EBFE-B17E-40EB-A74E-30E3AF448094}
	EndGlobalSection
EndGlobal
